
Microsoft Visual Studio Solution File, Format Version 12.00
# Visual Studio Version 16
VisualStudioVersion = 16.0.29319.158
MinimumVisualStudioVersion = 10.0.40219.1
Project("{FAE04EC0-301F-11D3-BF4B-00C04F79EFBC}") = "GEMEchoServer", "GEMEchoServer.csproj", "{8BC35CE1-0FED-4184-92CC-1BBF37668AF3}"
EndProject
Global
	GlobalSection(SolutionConfigurationPlatforms) = preSolution
		Debug|Any CPU = Debug|Any CPU
		Release|Any CPU = Release|Any CPU
	EndGlobalSection
	GlobalSection(ProjectConfigurationPlatforms) = postSolution
		{8BC35CE1-0FED-4184-92CC-1BBF37668AF3}.Debug|Any CPU.ActiveCfg = Debug|Any CPU
		{8BC35CE1-0FED-4184-92CC-1BBF37668AF3}.Debug|Any CPU.Build.0 = Debug|Any CPU
		{8BC35CE1-0FED-4184-92CC-1BBF37668AF3}.Release|Any CPU.ActiveCfg = Release|Any CPU
		{8BC35CE1-0FED-4184-92CC-1BBF37668AF3}.Release|Any CPU.Build.0 = Release|Any CPU
	EndGlobalSection
	GlobalSection(SolutionProperties) = preSolution
		HideSolutionNode = FALSE
	EndGlobalSection
	GlobalSection(ExtensibilityGlobals) = postSolution
		SolutionGuid = {74148E5B-D719-4D76-8A1F-BB670FC270A2}
	EndGlobalSection
EndGlobal
